<Project xmlns="http://schemas.microsoft.com/developer/msbuild/2003">
    <PropertyGroup>
        <Base>True</Base>
        <AppType>Console</AppType>
        <FrameworkType>None</FrameworkType>
        <MainSource>ICUTests.dpr</MainSource>
        <Platform Condition="'$(Platform)'==''">Win64</Platform>
        <ProjectGuid>{44C21366-8CE6-4B18-97FC-DDE5FCA889A6}</ProjectGuid>
        <ProjectVersion>18.8</ProjectVersion>
        <TargetedPlatforms>3</TargetedPlatforms>
    </PropertyGroup>
    <PropertyGroup Condition="'$(Config)'=='Base' or '$(Base)'!=''">
        <Base>true</Base>
    </PropertyGroup>
    <PropertyGroup Condition="('$(Platform)'=='Win32' and '$(Base)'=='true') or '$(Base_Win32)'!=''">
        <Base_Win32>true</Base_Win32>
        <CfgParent>Base</CfgParent>
        <Base>true</Base>
    </PropertyGroup>
    <PropertyGroup Condition="('$(Platform)'=='Win64' and '$(Base)'=='true') or '$(Base_Win64)'!=''">
        <Base_Win64>true</Base_Win64>
        <CfgParent>Base</CfgParent>
        <Base>true</Base>
    </PropertyGroup>
    <PropertyGroup Condition="'$(Config)'=='Debug' or '$(Cfg_1)'!=''">
        <Cfg_1>true</Cfg_1>
        <CfgParent>Base</CfgParent>
        <Base>true</Base>
    </PropertyGroup>
    <PropertyGroup Condition="('$(Platform)'=='Win32' and '$(Cfg_1)'=='true') or '$(Cfg_1_Win32)'!=''">
        <Cfg_1_Win32>true</Cfg_1_Win32>
        <CfgParent>Cfg_1</CfgParent>
        <Cfg_1>true</Cfg_1>
        <Base>true</Base>
    </PropertyGroup>
    <PropertyGroup Condition="'$(Config)'=='DCU debug' or '$(Cfg_3)'!=''">
        <Cfg_3>true</Cfg_3>
        <CfgParent>Cfg_1</CfgParent>
        <Cfg_1>true</Cfg_1>
        <Base>true</Base>
    </PropertyGroup>
    <PropertyGroup Condition="'$(Config)'=='DEBUG_ICU' or '$(Cfg_4)'!=''">
        <Cfg_4>true</Cfg_4>
        <CfgParent>Cfg_1</CfgParent>
        <Cfg_1>true</Cfg_1>
        <Base>true</Base>
    </PropertyGroup>
    <PropertyGroup Condition="('$(Platform)'=='Win32' and '$(Cfg_4)'=='true') or '$(Cfg_4_Win32)'!=''">
        <Cfg_4_Win32>true</Cfg_4_Win32>
        <CfgParent>Cfg_4</CfgParent>
        <Cfg_4>true</Cfg_4>
        <Cfg_1>true</Cfg_1>
        <Base>true</Base>
    </PropertyGroup>
    <PropertyGroup Condition="('$(Platform)'=='Win64' and '$(Cfg_4)'=='true') or '$(Cfg_4_Win64)'!=''">
        <Cfg_4_Win64>true</Cfg_4_Win64>
        <CfgParent>Cfg_4</CfgParent>
        <Cfg_4>true</Cfg_4>
        <Cfg_1>true</Cfg_1>
        <Base>true</Base>
    </PropertyGroup>
    <PropertyGroup Condition="'$(Config)'=='Release' or '$(Cfg_2)'!=''">
        <Cfg_2>true</Cfg_2>
        <CfgParent>Base</CfgParent>
        <Base>true</Base>
    </PropertyGroup>
    <PropertyGroup Condition="'$(Base)'!=''">
        <SanitizedProjectName>ICUTests</SanitizedProjectName>
        <DCC_DcuOutput>.\dcu\$(Platform)\$(Config)</DCC_DcuOutput>
        <DCC_Define>_CONSOLE_TESTRUNNER;$(DCC_Define)</DCC_Define>
        <DCC_ExeOutput>.\$(Platform)</DCC_ExeOutput>
        <DCC_Namespace>System;Xml;Data;Datasnap;Web;Soap;Vcl;Vcl.Imaging;Vcl.Touch;Vcl.Samples;Vcl.Shell;$(DCC_Namespace)</DCC_Namespace>
        <DCC_UnitSearchPath>$(BDS)\Source\DUnit\src;..\lib;$(DCC_UnitSearchPath)</DCC_UnitSearchPath>
        <Icns_MainIcns>$(BDS)\bin\delphi_PROJECTICNS.icns</Icns_MainIcns>
        <Icon_MainIcon>$(BDS)\bin\delphi_PROJECTICON.ico</Icon_MainIcon>
        <Manifest_File>None</Manifest_File>
        <VerInfo_Keys>CompanyName=;FileDescription=;FileVersion=1.0.0.0;InternalName=;LegalCopyright=;LegalTrademarks=;OriginalFilename=;ProductName=;ProductVersion=1.0.0.0;Comments=</VerInfo_Keys>
        <VerInfo_Locale>1036</VerInfo_Locale>
    </PropertyGroup>
    <PropertyGroup Condition="'$(Base_Win32)'!=''">
        <DCC_Namespace>Winapi;System.Win;Data.Win;Datasnap.Win;Web.Win;Soap.Win;Xml.Win;Bde;$(DCC_Namespace)</DCC_Namespace>
        <DCC_UsePackage>IndyIPClient;JvGlobus;JvMM;JvManagedThreads;DBXSqliteDriver;frxDB18;fmx;JvDlgs;IndySystem;JvCrypt;TeeDB;frx18;inetdbbde;vclib;DBXInterBaseDriver;DataSnapClient;DataSnapCommon;JvNet;DataSnapProviderClient;JvDotNetCtrls;DBXSybaseASEDriver;DbxCommonDriver;vclimg;dbxcds;DatasnapConnectorsFreePascal;MetropolisUILiveTile;JvXPCtrls;vcldb;vcldsnap;DBXDb2Driver;DBXOracleDriver;CustomIPTransport;JvCore;dsnap;IndyIPServer;fmxase;vcl;IndyCore;IndyIPCommon;CloudService;DBXMSSQLDriver;FmxTeeUI;JvAppFrm;JvDB;JvRuntimeDesign;inetdbxpress;webdsnap;JclDeveloperTools;JvDocking;adortl;JvWizards;JvHMI;bindcompfmx;MediaKit;JvBands;vcldbx;rtl;dbrtl;DbxClientDriver;bindcomp;JvPluginSystem;Tee;JclContainers;DBXOdbcDriver;JvCmp;JvSystem;xmlrtl;svnui;ibxpress;JvTimeFramework;JvControls;IndyProtocols;DBXMySQLDriver;frxe18;vclactnband;bindengine;soaprtl;bindcompdbx;FMXTee;TeeUI;bindcompvcl;UIBD17Win32R;JvStdCtrls;Jcl;vclie;JvCustom;JvJans;JvPageComps;JvPrintPreview;vcltouch;ZipmasterD12;PngComponents;OverbyteIcsDXe4Run;VclSmp;DBXInformixDriver;Intraweb;DataSnapConnectors;dsnapcon;DBXFirebirdDriver;inet;SynEdit_RXE4;fmxobj;JclVcl;JvPascalInterpreter;vclx;svn;DBXSybaseASADriver;fmxdae;bdertl;VirtualTreesR;dbexpress;DataSnapIndy10ServerTransport;JvBDE;$(DCC_UsePackage)</DCC_UsePackage>
        <VerInfo_Locale>1033</VerInfo_Locale>
    </PropertyGroup>
    <PropertyGroup Condition="'$(Base_Win64)'!=''">
        <BT_BuildType>Debug</BT_BuildType>
        <DCC_Namespace>Winapi;System.Win;Data.Win;Datasnap.Win;Web.Win;Soap.Win;Xml.Win;$(DCC_Namespace)</DCC_Namespace>
        <DCC_UsePackage>IndyIPClient;DBXSqliteDriver;fmx;IndySystem;TeeDB;vclib;DBXInterBaseDriver;DataSnapClient;DataSnapCommon;DataSnapProviderClient;DBXSybaseASEDriver;DbxCommonDriver;vclimg;dbxcds;DatasnapConnectorsFreePascal;MetropolisUILiveTile;vcldb;vcldsnap;DBXDb2Driver;DBXOracleDriver;CustomIPTransport;dsnap;IndyIPServer;fmxase;vcl;IndyCore;IndyIPCommon;CloudService;DBXMSSQLDriver;FmxTeeUI;inetdbxpress;webdsnap;adortl;bindcompfmx;rtl;dbrtl;DbxClientDriver;bindcomp;Tee;DBXOdbcDriver;xmlrtl;ibxpress;IndyProtocols;DBXMySQLDriver;vclactnband;bindengine;soaprtl;bindcompdbx;FMXTee;TeeUI;bindcompvcl;vclie;vcltouch;PngComponents;OverbyteIcsDXe4Run;VclSmp;DBXInformixDriver;Intraweb;DataSnapConnectors;dsnapcon;DBXFirebirdDriver;inet;SynEdit_RXE4;fmxobj;vclx;DBXSybaseASADriver;fmxdae;VirtualTreesR;dbexpress;DataSnapIndy10ServerTransport;$(DCC_UsePackage)</DCC_UsePackage>
        <VerInfo_Keys>CompanyName=;FileDescription=$(MSBuildProjectName);FileVersion=1.0.0.0;InternalName=;LegalCopyright=;LegalTrademarks=;OriginalFilename=;ProgramID=com.embarcadero.$(MSBuildProjectName);ProductName=$(MSBuildProjectName);ProductVersion=1.0.0.0;Comments=</VerInfo_Keys>
        <VerInfo_Locale>1033</VerInfo_Locale>
    </PropertyGroup>
    <PropertyGroup Condition="'$(Cfg_1)'!=''">
        <DCC_DebugInfoInExe>true</DCC_DebugInfoInExe>
        <DCC_Define>DEBUG;$(DCC_Define)</DCC_Define>
        <DCC_GenerateStackFrames>true</DCC_GenerateStackFrames>
        <DCC_Optimize>false</DCC_Optimize>
        <DCC_RemoteDebug>true</DCC_RemoteDebug>
    </PropertyGroup>
    <PropertyGroup Condition="'$(Cfg_1_Win32)'!=''">
        <DCC_RemoteDebug>false</DCC_RemoteDebug>
    </PropertyGroup>
    <PropertyGroup Condition="'$(Cfg_3)'!=''">
        <DCC_DebugDCUs>true</DCC_DebugDCUs>
    </PropertyGroup>
    <PropertyGroup Condition="'$(Cfg_4)'!=''">
        <DCC_Define>DEBUG_ICU;$(DCC_Define)</DCC_Define>
    </PropertyGroup>
    <PropertyGroup Condition="'$(Cfg_4_Win32)'!=''">
        <DCC_ExeOutput>D:\ICU\icu 52.2\icu\bin</DCC_ExeOutput>
    </PropertyGroup>
    <PropertyGroup Condition="'$(Cfg_4_Win64)'!=''">
        <DCC_ExeOutput>D:\ICU\icu 52.2\icu\bin64</DCC_ExeOutput>
    </PropertyGroup>
    <PropertyGroup Condition="'$(Cfg_2)'!=''">
        <DCC_DebugInformation>0</DCC_DebugInformation>
        <DCC_Define>RELEASE;$(DCC_Define)</DCC_Define>
        <DCC_LocalDebugSymbols>false</DCC_LocalDebugSymbols>
        <DCC_SymbolReferenceInfo>0</DCC_SymbolReferenceInfo>
    </PropertyGroup>
    <ItemGroup>
        <DelphiCompile Include="$(MainSource)">
            <MainSource>MainSource</MainSource>
        </DelphiCompile>
        <DCCReference Include="lib\UTestUnum.pas"/>
        <DCCReference Include="..\lib\icu_globals.pas"/>
        <DCCReference Include="..\lib\parseerr.pas"/>
        <DCCReference Include="..\lib\_umachine.pas"/>
        <DCCReference Include="..\lib\_umisc.pas"/>
        <DCCReference Include="..\lib\_unum.pas"/>
        <DCCReference Include="..\lib\_utypes.pas"/>
        <DCCReference Include="..\lib\_uformattable.pas"/>
        <DCCReference Include="..\lib\_uloc.pas"/>
        <DCCReference Include="..\ICUNumberFormatter.pas"/>
        <DCCReference Include="TestICUNumberFormat.pas"/>
        <DCCReference Include="TestICUNumberFormatFunctions.pas"/>
        <DCCReference Include="..\lib\_udat.pas"/>
        <DCCReference Include="..\lib\_ucal.pas"/>
        <DCCReference Include="..\lib\_udisplaycontext.pas"/>
        <DCCReference Include="lib\UTestUdat.pas"/>
        <DCCReference Include="ICUTest.pas"/>
        <DCCReference Include="..\ICUDateFormatter.pas"/>
        <DCCReference Include="TestICUDateFormat.pas"/>
        <DCCReference Include="TestICUDateFormatFunctions.pas"/>
        <DCCReference Include="..\lib\_enum.pas"/>
        <DCCReference Include="..\lib\_utmscale.pas"/>
        <DCCReference Include="..\ICUCalendar.pas"/>
        <DCCReference Include="..\ICUEnumeration.pas"/>
        <DCCReference Include="..\ICULocale.pas"/>
        <None Include="..\lib\icu.inc"/>
        <BuildConfiguration Include="Base">
            <Key>Base</Key>
        </BuildConfiguration>
        <BuildConfiguration Include="Debug">
            <Key>Cfg_1</Key>
            <CfgParent>Base</CfgParent>
        </BuildConfiguration>
        <BuildConfiguration Include="Release">
            <Key>Cfg_2</Key>
            <CfgParent>Base</CfgParent>
        </BuildConfiguration>
        <BuildConfiguration Include="DCU debug">
            <Key>Cfg_3</Key>
            <CfgParent>Cfg_1</CfgParent>
        </BuildConfiguration>
        <BuildConfiguration Include="DEBUG_ICU">
            <Key>Cfg_4</Key>
            <CfgParent>Cfg_1</CfgParent>
        </BuildConfiguration>
    </ItemGroup>
    <ProjectExtensions>
        <Borland.Personality>Delphi.Personality.12</Borland.Personality>
        <Borland.ProjectType/>
        <BorlandProject>
            <Delphi.Personality>
                <Source>
                    <Source Name="MainSource">ICUTests.dpr</Source>
                </Source>
                <Excluded_Packages/>
                <VersionInfo>
                    <VersionInfo Name="IncludeVerInfo">False</VersionInfo>
                    <VersionInfo Name="AutoIncBuild">False</VersionInfo>
                    <VersionInfo Name="MajorVer">1</VersionInfo>
                    <VersionInfo Name="MinorVer">0</VersionInfo>
                    <VersionInfo Name="Release">0</VersionInfo>
                    <VersionInfo Name="Build">0</VersionInfo>
                    <VersionInfo Name="Debug">False</VersionInfo>
                    <VersionInfo Name="PreRelease">False</VersionInfo>
                    <VersionInfo Name="Special">False</VersionInfo>
                    <VersionInfo Name="Private">False</VersionInfo>
                    <VersionInfo Name="DLL">False</VersionInfo>
                    <VersionInfo Name="Locale">1036</VersionInfo>
                    <VersionInfo Name="CodePage">1252</VersionInfo>
                </VersionInfo>
                <VersionInfoKeys>
                    <VersionInfoKeys Name="CompanyName"/>
                    <VersionInfoKeys Name="FileDescription"/>
                    <VersionInfoKeys Name="FileVersion">1.0.0.0</VersionInfoKeys>
                    <VersionInfoKeys Name="InternalName"/>
                    <VersionInfoKeys Name="LegalCopyright"/>
                    <VersionInfoKeys Name="LegalTrademarks"/>
                    <VersionInfoKeys Name="OriginalFilename"/>
                    <VersionInfoKeys Name="ProductName"/>
                    <VersionInfoKeys Name="ProductVersion">1.0.0.0</VersionInfoKeys>
                    <VersionInfoKeys Name="Comments"/>
                    <VersionInfoKeys Name="CFBundleName"/>
                    <VersionInfoKeys Name="CFBundleDisplayName"/>
                    <VersionInfoKeys Name="UIDeviceFamily"/>
                    <VersionInfoKeys Name="CFBundleIdentifier"/>
                    <VersionInfoKeys Name="CFBundleVersion"/>
                    <VersionInfoKeys Name="CFBundlePackageType"/>
                    <VersionInfoKeys Name="CFBundleSignature"/>
                    <VersionInfoKeys Name="CFBundleAllowMixedLocalizations"/>
                    <VersionInfoKeys Name="UISupportedInterfaceOrientations"/>
                    <VersionInfoKeys Name="CFBundleExecutable"/>
                    <VersionInfoKeys Name="CFBundleResourceSpecification"/>
                    <VersionInfoKeys Name="LSRequiresIPhoneOS"/>
                    <VersionInfoKeys Name="CFBundleInfoDictionaryVersion"/>
                    <VersionInfoKeys Name="CFBundleDevelopmentRegion"/>
                </VersionInfoKeys>
            </Delphi.Personality>
            <Deployment Version="3">
                <DeployFile LocalName="..\lib\icu.inc" Configuration="Debug" Class="ProjectFile">
                    <Platform Name="Win32">
                        <RemoteDir>.\</RemoteDir>
                        <Overwrite>true</Overwrite>
                    </Platform>
                </DeployFile>
                <DeployFile LocalName="Win32\ICUTests.exe" Configuration="Debug" Class="ProjectOutput">
                    <Platform Name="Win32">
                        <RemoteName>ICUTests.exe</RemoteName>
                        <Overwrite>true</Overwrite>
                    </Platform>
                </DeployFile>
                <DeployClass Name="AdditionalDebugSymbols">
                    <Platform Name="Win32">
                        <Operation>0</Operation>
                    </Platform>
                </DeployClass>
                <DeployClass Name="DebugSymbols">
                    <Platform Name="Win32">
                        <Operation>0</Operation>
                    </Platform>
                </DeployClass>
                <DeployClass Name="DependencyFramework">
                    <Platform Name="Win32">
                        <Operation>0</Operation>
                    </Platform>
                </DeployClass>
                <DeployClass Name="DependencyModule">
                    <Platform Name="Win32">
                        <Operation>0</Operation>
                        <Extensions>.dll;.bpl</Extensions>
                    </Platform>
                </DeployClass>
                <DeployClass Required="true" Name="DependencyPackage">
                    <Platform Name="Win32">
                        <Operation>0</Operation>
                        <Extensions>.bpl</Extensions>
                    </Platform>
                </DeployClass>
                <DeployClass Name="File">
                    <Platform Name="Win32">
                        <Operation>0</Operation>
                    </Platform>
                </DeployClass>
                <DeployClass Required="true" Name="ProjectOutput">
                    <Platform Name="Win32">
                        <Operation>0</Operation>
                    </Platform>
                </DeployClass>
                <DeployClass Name="ProjectUWPManifest">
                    <Platform Name="Win32">
                        <Operation>1</Operation>
                    </Platform>
                    <Platform Name="Win64">
                        <Operation>1</Operation>
                    </Platform>
                </DeployClass>
                <DeployClass Name="UWP_DelphiLogo150">
                    <Platform Name="Win32">
                        <RemoteDir>Assets</RemoteDir>
                        <Operation>1</Operation>
                    </Platform>
                    <Platform Name="Win64">
                        <RemoteDir>Assets</RemoteDir>
                        <Operation>1</Operation>
                    </Platform>
                </DeployClass>
                <DeployClass Name="UWP_DelphiLogo44">
                    <Platform Name="Win32">
                        <RemoteDir>Assets</RemoteDir>
                        <Operation>1</Operation>
                    </Platform>
                    <Platform Name="Win64">
                        <RemoteDir>Assets</RemoteDir>
                        <Operation>1</Operation>
                    </Platform>
                </DeployClass>
                <ProjectRoot Platform="Win32" Name="$(PROJECTNAME)"/>
                <ProjectRoot Platform="Win64" Name="$(PROJECTNAME)"/>
            </Deployment>
            <Platforms>
                <Platform value="Win32">True</Platform>
                <Platform value="Win64">True</Platform>
            </Platforms>
            <UnitTesting>
                <TestFramework>DUnit / Delphi Win32</TestFramework>
                <TestRunner>GUI</TestRunner>
                <SourceProjectName>D:\MEDIA.KIT\BDTheque\Sources\BDT_UDF.DLL\icu\Project10.dproj</SourceProjectName>
                <TestProjectName/>
            </UnitTesting>
        </BorlandProject>
        <ProjectFileVersion>12</ProjectFileVersion>
    </ProjectExtensions>
    <Import Project="$(BDS)\Bin\CodeGear.Delphi.Targets" Condition="Exists('$(BDS)\Bin\CodeGear.Delphi.Targets')"/>
    <Import Project="$(APPDATA)\Embarcadero\$(BDSAPPDATABASEDIR)\$(PRODUCTVERSION)\UserTools.proj" Condition="Exists('$(APPDATA)\Embarcadero\$(BDSAPPDATABASEDIR)\$(PRODUCTVERSION)\UserTools.proj')"/>
    <Import Project="$(MSBuildProjectName).deployproj" Condition="Exists('$(MSBuildProjectName).deployproj')"/>
</Project>
