Microsoft Visual Studio Solution File, Format Version 8.00
Project("{20D4826A-C6FA-45DB-90F4-C717570B9F32}") = "BDPPC.Common", "BDPPC.Common.csdproj", "{5543AEE2-2359-40F6-9010-C8CF2B090A42}"
	ProjectSection(ProjectDependencies) = postProject
	EndProjectSection
EndProject
Global
	GlobalSection(SolutionConfiguration) = preSolution
		Debug = Debug
		Release = Release
	EndGlobalSection
	GlobalSection(ProjectConfiguration) = postSolution
		{5543AEE2-2359-40F6-9010-C8CF2B090A42}.Debug.ActiveCfg = Debug|Pocket PC
		{5543AEE2-2359-40F6-9010-C8CF2B090A42}.Debug.Build.0 = Debug|Pocket PC
		{5543AEE2-2359-40F6-9010-C8CF2B090A42}.Debug.Deploy.0 = Debug|Pocket PC
		{5543AEE2-2359-40F6-9010-C8CF2B090A42}.Release.ActiveCfg = Release|Pocket PC
		{5543AEE2-2359-40F6-9010-C8CF2B090A42}.Release.Build.0 = Release|Pocket PC
		{5543AEE2-2359-40F6-9010-C8CF2B090A42}.Release.Deploy.0 = Release|Pocket PC
	EndGlobalSection
	GlobalSection(ExtensibilityGlobals) = postSolution
	EndGlobalSection
	GlobalSection(ExtensibilityAddIns) = postSolution
	EndGlobalSection
EndGlobal
