<Project xmlns="http://schemas.microsoft.com/developer/msbuild/2003">
    <PropertyGroup>
        <Base>True</Base>
        <AppType>Application</AppType>
        <Config Condition="'$(Config)'==''">Debug</Config>
        <FrameworkType>VCL</FrameworkType>
        <MainSource>BD.dpr</MainSource>
        <Platform Condition="'$(Platform)'==''">Win64</Platform>
        <ProjectGuid>{022E3FB6-83D5-4439-8F05-C27BDD308694}</ProjectGuid>
        <ProjectVersion>18.8</ProjectVersion>
        <TargetedPlatforms>2</TargetedPlatforms>
    </PropertyGroup>
    <PropertyGroup Condition="'$(Config)'=='Base' or '$(Base)'!=''">
        <Base>true</Base>
    </PropertyGroup>
    <PropertyGroup Condition="('$(Platform)'=='Win64' and '$(Base)'=='true') or '$(Base_Win64)'!=''">
        <Base_Win64>true</Base_Win64>
        <CfgParent>Base</CfgParent>
        <Base>true</Base>
    </PropertyGroup>
    <PropertyGroup Condition="'$(Config)'=='Debug' or '$(Cfg_1)'!=''">
        <Cfg_1>true</Cfg_1>
        <CfgParent>Base</CfgParent>
        <Base>true</Base>
    </PropertyGroup>
    <PropertyGroup Condition="('$(Platform)'=='Win64' and '$(Cfg_1)'=='true') or '$(Cfg_1_Win64)'!=''">
        <Cfg_1_Win64>true</Cfg_1_Win64>
        <CfgParent>Cfg_1</CfgParent>
        <Cfg_1>true</Cfg_1>
        <Base>true</Base>
    </PropertyGroup>
    <PropertyGroup Condition="'$(Config)'=='DCU Debug' or '$(Cfg_3)'!=''">
        <Cfg_3>true</Cfg_3>
        <CfgParent>Cfg_1</CfgParent>
        <Cfg_1>true</Cfg_1>
        <Base>true</Base>
    </PropertyGroup>
    <PropertyGroup Condition="'$(Config)'=='FullDebug' or '$(Cfg_4)'!=''">
        <Cfg_4>true</Cfg_4>
        <CfgParent>Cfg_1</CfgParent>
        <Cfg_1>true</Cfg_1>
        <Base>true</Base>
    </PropertyGroup>
    <PropertyGroup Condition="'$(Config)'=='Release' or '$(Cfg_2)'!=''">
        <Cfg_2>true</Cfg_2>
        <CfgParent>Base</CfgParent>
        <Base>true</Base>
    </PropertyGroup>
    <PropertyGroup Condition="'$(Base)'!=''">
        <SanitizedProjectName>BD</SanitizedProjectName>
        <DCC_DUPLICATE_CTOR_DTOR>false</DCC_DUPLICATE_CTOR_DTOR>
        <DCC_DcuOutput>..\dcu\$(platform)\$(config)</DCC_DcuOutput>
        <DCC_Define>FB25;UIBLANG_FR;FBEMBED;GIFGraphic;UseLZW;PortableNetworkGraphic;PS_USESSUPPORT;PCRE_STATICLINK;7ZIP_LINKONREQUEST;NO_ADVANCED_HTTP_CLIENT_FEATURES;UseContentCoding;USE_SSL;NO_OSSL_VERSION_CHECK;$(DCC_Define)</DCC_Define>
        <DCC_ExeOutput>..\..\deploy\$(platform)</DCC_ExeOutput>
        <DCC_Inlining>off</DCC_Inlining>
        <DCC_Namespace>System;Xml;Data;Datasnap;Web;Soap;Vcl;Vcl.Imaging;Vcl.Touch;Vcl.Samples;Vcl.Shell;$(DCC_Namespace);$(DCC_Namespace)</DCC_Namespace>
        <DCC_SYMBOL_PLATFORM>false</DCC_SYMBOL_PLATFORM>
        <DCC_UNIT_PLATFORM>false</DCC_UNIT_PLATFORM>
        <DCC_UnitSearchPath>..\..\..\..\..\libs\delphi\fastmm;..\..\..\..\..\libs\delphi\Perso;..\..\..\..\..\libs\delphi\Perso\icu;..\..\..\..\..\libs\delphi\Perso\icu\lib;..\..\..\..\..\libs\delphi\pngcomponents\source;..\..\..\..\..\libs\delphi\uib\source;..\..\..\..\..\libs\delphi\virtual-treeview\source;..\..\..\..\..\libs\delphi\graphics32\source;..\..\..\..\..\libs\delphi\dwscript\source;..\..\..\..\..\libs\delphi\ics\source;..\..\..\..\..\libs\delphi\alglib\delphi\wrapper;..\..\..\..\..\libs\delphi\CEF4Delphi\Source;$(DCC_UnitSearchPath)</DCC_UnitSearchPath>
        <DCC_WriteableConstants>true</DCC_WriteableConstants>
        <Manifest_File>$(BDS)\bin\default_app.manifest</Manifest_File>
        <PostBuildEvent>
            <![CDATA[$(PROJECTDIR)\post_build.bat $(PROJECTPATH) $(OUTPUTPATH) $(Platform)
$(PostBuildEvent)]]>
        </PostBuildEvent>
        <PreBuildEvent>
            <![CDATA[$(PROJECTDIR)\pre_build.bat $(PROJECTPATH) $(OUTPUTPATH) $(Platform)
$(PreBuildEvent)]]>
        </PreBuildEvent>
        <VerInfo_IncludeVerInfo>true</VerInfo_IncludeVerInfo>
        <VerInfo_Keys>CompanyName=Teträm Corp;FileDescription=;FileVersion=2.2.4.0;InternalName=BDT;LegalCopyright=Teträm Corp 1997-2019;LegalTrademarks=;OriginalFilename=;ProductName=BDtheque;ProductVersion=2.2;Comments=</VerInfo_Keys>
        <VerInfo_Locale>1036</VerInfo_Locale>
        <VerInfo_MajorVer>2</VerInfo_MajorVer>
        <VerInfo_MinorVer>2</VerInfo_MinorVer>
        <VerInfo_Release>4</VerInfo_Release>
    </PropertyGroup>
    <PropertyGroup Condition="'$(Base_Win64)'!=''">
        <AppDPIAwarenessMode>PerMonitor</AppDPIAwarenessMode>
        <AppEnableRuntimeThemes>true</AppEnableRuntimeThemes>
        <DCC_Namespace>Winapi;System.Win;Data.Win;Datasnap.Win;Web.Win;Soap.Win;Xml.Win;$(DCC_Namespace)</DCC_Namespace>
        <Icon_MainIcon>..\Commun\Resources\BD_Icon.ico</Icon_MainIcon>
        <UWP_DelphiLogo150>$(BDS)\bin\Artwork\Windows\UWP\delphi_UwpDefault_150.png</UWP_DelphiLogo150>
        <UWP_DelphiLogo44>$(BDS)\bin\Artwork\Windows\UWP\delphi_UwpDefault_44.png</UWP_DelphiLogo44>
    </PropertyGroup>
    <PropertyGroup Condition="'$(Cfg_1)'!=''">
        <DCC_DebugInfoInExe>true</DCC_DebugInfoInExe>
        <DCC_Define>DEBUG;$(DCC_Define)</DCC_Define>
        <DCC_GenerateStackFrames>true</DCC_GenerateStackFrames>
        <DCC_Optimize>false</DCC_Optimize>
        <DCC_RemoteDebug>true</DCC_RemoteDebug>
        <VerInfo_Debug>true</VerInfo_Debug>
    </PropertyGroup>
    <PropertyGroup Condition="'$(Cfg_1_Win64)'!=''">
        <BT_BuildType>Debug</BT_BuildType>
    </PropertyGroup>
    <PropertyGroup Condition="'$(Cfg_3)'!=''">
        <DCC_DebugDCUs>true</DCC_DebugDCUs>
    </PropertyGroup>
    <PropertyGroup Condition="'$(Cfg_4)'!=''">
        <DCC_Define>FullDebugMode;ClearLogFileOnStartup;LoadDebugDLLDynamically;$(DCC_Define)</DCC_Define>
    </PropertyGroup>
    <PropertyGroup Condition="'$(Cfg_2)'!=''">
        <DCC_DebugInformation>0</DCC_DebugInformation>
        <DCC_Define>RELEASE;$(DCC_Define)</DCC_Define>
        <DCC_LocalDebugSymbols>false</DCC_LocalDebugSymbols>
        <DCC_SymbolReferenceInfo>0</DCC_SymbolReferenceInfo>
        <Manifest_File>$(BDS)\bin\default_app.manifest</Manifest_File>
        <VerInfo_AutoIncVersion>true</VerInfo_AutoIncVersion>
    </PropertyGroup>
    <ItemGroup>
        <DelphiCompile Include="$(MainSource)">
            <MainSource>MainSource</MainSource>
        </DelphiCompile>
        <DCCReference Include="GUI\Forms\BDTK.GUI.Forms.Main.pas">
            <Form>frmFond</Form>
            <FormType>dfm</FormType>
        </DCCReference>
        <DCCReference Include="GUI\DataModules\BDTK.GUI.DataModules.Main.pas">
            <Form>dmPrinc</Form>
            <FormType>dfm</FormType>
            <DesignClass>TDataModule</DesignClass>
        </DCCReference>
        <DCCReference Include="Consultation\UfrmRepertoire.pas">
            <Form>frmRepertoire</Form>
            <FormType>dfm</FormType>
        </DCCReference>
        <DCCReference Include="Consultation\UfrmConsultationAuteur.pas">
            <Form>frmConsultationAuteur</Form>
            <FormType>dfm</FormType>
        </DCCReference>
        <DCCReference Include="Consultation\UfrmConsultationSerie.pas">
            <Form>frmConsultationSerie</Form>
            <FormType>dfm</FormType>
        </DCCReference>
        <DCCReference Include="Consultation\UfrmConsultationParaBD.pas">
            <Form>frmConsultationParaBD</Form>
            <FormType>dfm</FormType>
        </DCCReference>
        <DCCReference Include="Consultation\UfrmZoomCouverture.pas">
            <Form>frmZoomCouverture</Form>
            <FormType>dfm</FormType>
        </DCCReference>
        <DCCReference Include="Consultation\UfrmRecherche.pas">
            <Form>frmRecherche</Form>
            <FormType>dfm</FormType>
        </DCCReference>
        <DCCReference Include="Consultation\UfrmEditCritereTri.pas">
            <Form>frmEditCritereTri</Form>
            <FormType>dfm</FormType>
        </DCCReference>
        <DCCReference Include="Consultation\UfrmStatsGeneral.pas">
            <Form>frmStatsGenerales</Form>
            <FormType>dfm</FormType>
        </DCCReference>
        <DCCReference Include="Consultation\UfrmStatsAlbums.pas">
            <Form>frmStatsAlbums</Form>
            <FormType>dfm</FormType>
        </DCCReference>
        <DCCReference Include="GUI\DataModules\BDTK.GUI.DataModules.Search.pas">
            <Form>dmSearch</Form>
            <FormType>dfm</FormType>
            <DesignClass>TDataModule</DesignClass>
        </DCCReference>
        <DCCReference Include="Gestion\Editions.pas"/>
        <DCCReference Include="Gestion\Proc_Gestions.pas"/>
        <DCCReference Include="Gestion\UfrmGestion.pas">
            <Form>frmGestions</Form>
            <FormType>dfm</FormType>
        </DCCReference>
        <DCCReference Include="Gestion\UfrmEditAlbum.pas">
            <Form>frmEditAlbum</Form>
            <FormType>dfm</FormType>
        </DCCReference>
        <DCCReference Include="Gestion\UfrmEditAchatAlbum.pas">
            <Form>frmEditAchatAlbum</Form>
            <FormType>dfm</FormType>
        </DCCReference>
        <DCCReference Include="Gestion\UfrmEditEditeur.pas">
            <Form>frmEditEditeur</Form>
            <FormType>dfm</FormType>
        </DCCReference>
        <DCCReference Include="Gestion\UfrmEditSerie.pas">
            <Form>frmEditSerie</Form>
            <FormType>dfm</FormType>
        </DCCReference>
        <DCCReference Include="Gestion\UfrmEditCollection.pas">
            <Form>frmEditCollection</Form>
            <FormType>dfm</FormType>
        </DCCReference>
        <DCCReference Include="Gestion\UfrmEditAuteur.pas">
            <Form>frmEditAuteur</Form>
            <FormType>dfm</FormType>
        </DCCReference>
        <DCCReference Include="Gestion\UfrmEditParaBD.pas">
            <Form>frmEditParaBD</Form>
            <FormType>dfm</FormType>
        </DCCReference>
        <DCCReference Include="Consultation\Impression.pas"/>
        <DCCReference Include="GUI\Forms\BDTK.GUI.Forms.UserSettings.pas">
            <Form>frmOptions</Form>
            <FormType>dfm</FormType>
        </DCCReference>
        <DCCReference Include="GUI\Forms\BDTK.GUI.Forms.Customize.pas">
            <Form>frmCustomize</Form>
            <FormType>dfm</FormType>
        </DCCReference>
        <DCCReference Include="UfrmChoix.pas">
            <Form>frmChoix</Form>
            <FormType>dfm</FormType>
        </DCCReference>
        <DCCReference Include="UfrmChoixDetail.pas">
            <Form>frmChoixDetail</Form>
            <FormType>dfm</FormType>
        </DCCReference>
        <DCCReference Include="GUI\Forms\BDTK.GUI.Forms.Converter.pas">
            <Form>FrmConvers</Form>
            <FormType>dfm</FormType>
        </DCCReference>
        <DCCReference Include="GUI\Frames\BDTK.GUI.Frames.Converter.pas">
            <Form>framConvertisseur</Form>
            <FormType>dfm</FormType>
            <DesignClass>TFrame</DesignClass>
        </DCCReference>
        <DCCReference Include="GUI\Frames\BDTK.GUI.Frames.QuickSearch.pas">
            <Form>framRechercheRapide</Form>
            <FormType>dfm</FormType>
            <DesignClass>TFrame</DesignClass>
        </DCCReference>
        <DCCReference Include="Consultation\MAJ.pas"/>
        <DCCReference Include="Consultation\UfrmPreview.pas">
            <Form>frmPreview</Form>
            <FormType>dfm</FormType>
        </DCCReference>
        <DCCReference Include="UHistorique.pas"/>
        <DCCReference Include="UfrmEntretien.pas">
            <Form>frmEntretien</Form>
            <FormType>dfm</FormType>
        </DCCReference>
        <DCCReference Include="Consultation\UfrmPrevisionsSorties.pas">
            <Form>frmPrevisionsSorties</Form>
            <FormType>dfm</FormType>
        </DCCReference>
        <DCCReference Include="Consultation\UfrmSeriesIncompletes.pas">
            <Form>frmSeriesIncompletes</Form>
            <FormType>dfm</FormType>
        </DCCReference>
        <DCCReference Include="Consultation\UfrmPrevisionAchats.pas">
            <Form>frmPrevisionsAchats</Form>
            <FormType>dfm</FormType>
        </DCCReference>
        <DCCReference Include="Updates\BDTK.Updates.pas"/>
        <DCCReference Include="GUI\BDTK.GUI.Utils.pas"/>
        <DCCReference Include="UfrmChoixDetailSerie.pas">
            <Form>frmChoixDetailSerie</Form>
            <FormType>dfm</FormType>
        </DCCReference>
        <DCCReference Include="Updates\BDTK.Updates.ODS.pas"/>
        <DCCReference Include="Consultation\UfrmEditCritere.pas">
            <Form>frmEditCritere</Form>
            <FormType>dfm</FormType>
        </DCCReference>
        <DCCReference Include="Consultation\UChampsRecherche.pas"/>
        <DCCReference Include="Web\Forms\BDTK.Web.Forms.Publish.pas">
            <Form>frmPublier</Form>
            <FormType>dfm</FormType>
        </DCCReference>
        <DCCReference Include="Web\Updates\BDTK.Web.Updates.v1_0_0_1.pas"/>
        <DCCReference Include="Web\Updates\BDTK.Web.Updates.v1_0_0_0.pas"/>
        <DCCReference Include="Web\Updates\BDTK.Web.Updates.v1_0_0_2.pas"/>
        <DCCReference Include="Web\Forms\BDTK.Web.Forms.Associate.pas">
            <Form>frmControlImport</Form>
            <FormType>dfm</FormType>
        </DCCReference>
        <DCCReference Include="GUI\Controls\BDTK.GUI.Controls.VirtualTreeEdit.pas"/>
        <DCCReference Include="UframVTEdit.pas">
            <Form>framVTEdit</Form>
            <FormType>dfm</FormType>
            <DesignClass>TFrame</DesignClass>
        </DCCReference>
        <DCCReference Include="Updates\BDTK.Updates.v2_1_1_7.pas"/>
        <DCCReference Include="Updates\BDTK.Updates.v0_0_0_6.pas"/>
        <DCCReference Include="Updates\BDTK.Updates.v0_0_0_8.pas"/>
        <DCCReference Include="Updates\BDTK.Updates.v0_0_0_9.pas"/>
        <DCCReference Include="Updates\BDTK.Updates.v0_0_1_2.pas"/>
        <DCCReference Include="Updates\BDTK.Updates.v0_0_1_7.pas"/>
        <DCCReference Include="Updates\BDTK.Updates.v0_0_2_2.pas"/>
        <DCCReference Include="Updates\BDTK.Updates.v0_0_2_3.pas"/>
        <DCCReference Include="Updates\BDTK.Updates.v0_0_2_5.pas"/>
        <DCCReference Include="Updates\BDTK.Updates.v0_0_2_7.pas"/>
        <DCCReference Include="Updates\BDTK.Updates.v0_0_2_19.pas"/>
        <DCCReference Include="Updates\BDTK.Updates.v0_0_2_23.pas"/>
        <DCCReference Include="Updates\BDTK.Updates.v0_0_3_01.pas"/>
        <DCCReference Include="Updates\BDTK.Updates.v0_0_3_02.pas"/>
        <DCCReference Include="Updates\BDTK.Updates.v0_0_3_07.pas"/>
        <DCCReference Include="Updates\BDTK.Updates.v0_0_3_14.pas"/>
        <DCCReference Include="Updates\BDTK.Updates.v0_0_3_16.pas"/>
        <DCCReference Include="Updates\BDTK.Updates.v0_0_3_19.pas"/>
        <DCCReference Include="Updates\BDTK.Updates.v0_0_3_21.pas"/>
        <DCCReference Include="Updates\BDTK.Updates.v0_0_3_22.pas"/>
        <DCCReference Include="Updates\BDTK.Updates.v0_0_3_23.pas"/>
        <DCCReference Include="Updates\BDTK.Updates.v0_0_3_24.pas"/>
        <DCCReference Include="Updates\BDTK.Updates.v0_0_3_25.pas"/>
        <DCCReference Include="Updates\BDTK.Updates.v0_0_3_27.pas"/>
        <DCCReference Include="Updates\BDTK.Updates.v1_0_0_0.pas"/>
        <DCCReference Include="Updates\BDTK.Updates.v1_0_0_2.pas"/>
        <DCCReference Include="Updates\BDTK.Updates.v1_0_0_3.pas"/>
        <DCCReference Include="Updates\BDTK.Updates.v1_1_0_0.pas"/>
        <DCCReference Include="Updates\BDTK.Updates.v1_2_0_0.pas"/>
        <DCCReference Include="Updates\BDTK.Updates.v1_2_0_8.pas"/>
        <DCCReference Include="Updates\BDTK.Updates.v1_2_1_0.pas"/>
        <DCCReference Include="Updates\BDTK.Updates.v1_2_2_0.pas"/>
        <DCCReference Include="Updates\BDTK.Updates.v1_2_3_3.pas"/>
        <DCCReference Include="Updates\BDTK.Updates.v1_2_3_14.pas"/>
        <DCCReference Include="Updates\BDTK.Updates.v1_2_3_20.pas"/>
        <DCCReference Include="Updates\BDTK.Updates.v1_2_3_22.pas"/>
        <DCCReference Include="Updates\BDTK.Updates.v1_2_3_25.pas"/>
        <DCCReference Include="Updates\BDTK.Updates.v1_2_3_26.pas"/>
        <DCCReference Include="Updates\BDTK.Updates.v2_0_0_5.pas"/>
        <DCCReference Include="Updates\BDTK.Updates.v2_0_1_0.pas"/>
        <DCCReference Include="Updates\BDTK.Updates.v2_1_0_0.pas"/>
        <DCCReference Include="Updates\BDTK.Updates.v2_1_0_16.pas"/>
        <DCCReference Include="Updates\BDTK.Updates.v2_1_0_22.pas"/>
        <DCCReference Include="Updates\BDTK.Updates.v2_1_0_72.pas"/>
        <DCCReference Include="Updates\BDTK.Updates.v2_1_1_2.pas"/>
        <DCCReference Include="Gestion\UfrmFusionEditions.pas">
            <Form>frmFusionEditions</Form>
            <FormType>dfm</FormType>
        </DCCReference>
        <DCCReference Include="Updates\BDTK.Updates.v2_1_1_4.pas"/>
        <DCCReference Include="Updates\BDTK.Updates.v2_1_1_8.pas"/>
        <DCCReference Include="Consultation\UfrmGallerie.pas">
            <Form>frmGallerie</Form>
            <FormType>dfm</FormType>
        </DCCReference>
        <DCCReference Include="GUI\Controls\BDTK.GUI.Controls.VirtualTree.pas"/>
        <DCCReference Include="Updates\BDTK.Updates.v2_1_1_10.pas"/>
        <DCCReference Include="Updates\BDTK.Updates.v2_1_1_17.pas"/>
        <DCCReference Include="Updates\BDTK.Updates.v2_1_1_155.pas"/>
        <DCCReference Include="Consultation\UfrmConsultationAlbum.pas">
            <Form>frmConsultationAlbum</Form>
            <FormType>dfm</FormType>
        </DCCReference>
        <DCCReference Include="Updates\BDTK.Updates.v2_2_2_233.pas"/>
        <DCCReference Include="Updates\BDTK.Updates.v2_2_3_13.pas"/>
        <DCCReference Include="Consultation\UfrmConsultationUnivers.pas">
            <Form>frmConsultationUnivers</Form>
            <FormType>dfm</FormType>
        </DCCReference>
        <DCCReference Include="Gestion\UfrmEditUnivers.pas">
            <Form>frmEditUnivers</Form>
            <FormType>dfm</FormType>
        </DCCReference>
        <DCCReference Include="Updates\BDTK.Updates.v2_2_3_16.pas"/>
        <DCCReference Include="Updates\BDTK.Updates.v2_2_3_17.pas"/>
        <DCCReference Include="Updates\BDTK.Updates.v2_2_3_19.pas"/>
        <DCCReference Include="Updates\BDTK.Updates.v2_2_3_21.pas"/>
        <DCCReference Include="Web\Updates\BDTK.Web.Updates.v1_0_0_3.pas"/>
        <DCCReference Include="Updates\BDTK.Updates.v2_2_3_22.pas"/>
        <DCCReference Include="Updates\BDTK.Updates.v2_2_3_23.pas"/>
        <DCCReference Include="..\Commun\BD.Common.pas"/>
        <DCCReference Include="..\Commun\Utils\BD.Utils.StrUtils.pas"/>
        <DCCReference Include="..\Commun\BD.Strings.pas"/>
        <DCCReference Include="..\Commun\GUI\Forms\BD.GUI.Forms.pas">
            <Form>bdtForm</Form>
            <FormType>dfm</FormType>
        </DCCReference>
        <DCCReference Include="..\Commun\GUI\Frames\BD.GUI.Frames.Buttons.pas">
            <Form>framBoutons</Form>
            <FormType>dfm</FormType>
            <DesignClass>TFrame</DesignClass>
        </DCCReference>
        <DCCReference Include="..\Commun\GUI\Forms\BD.GUI.Forms.About.pas">
            <Form>frmAboutBox</Form>
            <FormType>dfm</FormType>
        </DCCReference>
        <DCCReference Include="..\Commun\GUI\Forms\BD.GUI.Forms.Console.pas">
            <Form>frmConsole</Form>
            <FormType>dfm</FormType>
        </DCCReference>
        <DCCReference Include="..\Commun\GUI\Forms\BD.GUI.Forms.Progress.pas">
            <Form>frmProgression</Form>
            <FormType>dfm</FormType>
        </DCCReference>
        <DCCReference Include="..\Commun\GUI\Forms\BD.GUI.Forms.Splash.pas">
            <Form>frmSplash</Form>
            <FormType>dfm</FormType>
        </DCCReference>
        <DCCReference Include="..\Commun\GUI\Forms\BD.GUI.Forms.Verbose.pas">
            <Form>frmVerbose</Form>
            <FormType>dfm</FormType>
        </DCCReference>
        <DCCReference Include="..\Commun\Entities\BD.Entities.Metadata.pas"/>
        <DCCReference Include="..\Commun\Utils\BD.Utils.GUIUtils.pas"/>
        <DCCReference Include="..\Commun\Utils\BD.Utils.Net.pas"/>
        <DCCReference Include="..\Commun\GUI\Controls\BD.GUI.Controls.VirtualTree.pas"/>
        <DCCReference Include="Entities\BDTK.Entities.Dao.Full.pas"/>
        <DCCReference Include="Entities\BDTK.Entities.Dao.Lite.pas"/>
        <DCCReference Include="Entities\BDTK.Entities.Dao.Search.pas"/>
        <DCCReference Include="Entities\BDTK.Entities.Dao.Stats.pas"/>
        <DCCReference Include="Entities\BDTK.Entities.Search.pas"/>
        <DCCReference Include="Entities\BDTK.Entities.Stats.pas"/>
        <DCCReference Include="..\Commun\Entities\BD.Entities.Full.pas"/>
        <DCCReference Include="..\Commun\Entities\BD.Entities.Lite.pas"/>
        <DCCReference Include="..\Commun\Entities\BD.Entities.Common.pas"/>
        <DCCReference Include="..\Commun\Entities\BD.Entities.Factory.Common.pas"/>
        <DCCReference Include="..\Commun\Entities\BD.Entities.Dao.Lambda.pas"/>
        <DCCReference Include="Entities\BDTK.Entities.Dao.Lambda.pas"/>
        <DCCReference Include="..\Commun\Utils\BD.Utils.Net.ICS.pas"/>
        <DCCReference Include="Web\Forms\BDTK.Web.Forms.Synchronize.pas">
            <Form>frmSynchroniser</Form>
            <FormType>dfm</FormType>
        </DCCReference>
        <DCCReference Include="Web\BDTK.Web.pas"/>
        <DCCReference Include="Updates\BDTK.Updates.v2_2_3_24.pas"/>
        <DCCReference Include="Updates\BDTK.Updates.v2_2_3_25.pas"/>
        <DCCReference Include="Updates\BDTK.Updates.v2_2_3_29.pas"/>
        <DCCReference Include="..\Commun\Entities\BD.Entities.Types.pas"/>
        <DCCReference Include="..\Commun\Entities\BD.Entities.Factory.Full.pas"/>
        <DCCReference Include="..\Commun\Entities\BD.Entities.Factory.Lite.pas"/>
        <DCCReference Include="..\Commun\Entities\BD.DB.Connection.pas"/>
        <DCCReference Include="..\Commun\Entities\BD.Entities.Dao.Common.pas"/>
        <DCCReference Include="..\Commun\GUI\DataModules\BD.GUI.DataModules.Common.pas">
            <Form>dmCommon</Form>
            <FormType>dfm</FormType>
            <DesignClass>TDataModule</DesignClass>
        </DCCReference>
        <DCCReference Include="GUI\Controls\BDTK.GUI.Controls.Spin.pas"/>
        <DCCReference Include="Updates\BDTK.Updates.v2_2_3_33.pas"/>
        <DCCReference Include="..\Commun\Utils\BD.Utils.IOUtils.pas"/>
        <DCCReference Include="..\Commun\Utils\BD.Utils.RandomForest.Classes.pas"/>
        <DCCReference Include="Web\Forms\BDTK.Web.Forms.Browser.pas">
            <Form>frmBDTKWebBrowser</Form>
            <FormType>dfm</FormType>
        </DCCReference>
        <DCCReference Include="..\Commun\Utils\BD.Utils.Chromium.pas"/>
        <DCCReference Include="Web\Frames\BDTK.Web.Frames.Browser.pas">
            <Form>frameBDTKWebBrowser</Form>
            <FormType>dfm</FormType>
            <DesignClass>TFrame</DesignClass>
        </DCCReference>
        <DCCReference Include="Web\BDTK.Web.Browser.Utils.pas"/>
        <DCCReference Include="..\Commun\Utils\BD.Utils.Chromium.Extension.pas"/>
        <DCCReference Include="Web\Forms\BDTK.Web.Forms.Preview.pas">
            <Form>frmBDTKWebPreview</Form>
            <FormType>dfm</FormType>
        </DCCReference>
        <DCCReference Include="Web\BDTK.Web.Import.pas"/>
        <DCCReference Include="..\..\..\..\..\libs\delphi\Perso\icu\ICUDateFormatter.pas"/>
        <RcItem Include="..\Commun\Resources\network.png">
            <ResourceType>RCDATA</ResourceType>
            <ResourceId>BT_LINK</ResourceId>
        </RcItem>
        <RcItem Include="..\Commun\Resources\brokenimage.jpg">
            <ResourceType>RCDATA</ResourceType>
            <ResourceId>IMAGENONVALIDE</ResourceId>
        </RcItem>
        <RcItem Include="..\Commun\Resources\imgAbout.bmp">
            <ResourceType>BITMAP</ResourceType>
            <ResourceId>ABOUT</ResourceId>
        </RcItem>
        <RcItem Include="..\Commun\Resources\my-documents.ico">
            <ResourceType>ICON</ResourceType>
            <ResourceId>MAINICON_1</ResourceId>
        </RcItem>
        <RcItem Include="..\Commun\Resources\unknown.ico">
            <ResourceType>ICON</ResourceType>
            <ResourceId>MAINICON_2</ResourceId>
        </RcItem>
        <RcItem Include="..\Commun\Resources\ISBNRanges.xml">
            <ContainerId>ResourceItem</ContainerId>
            <ResourceType>RCDATA</ResourceType>
            <ResourceId>ISBN_RANGES</ResourceId>
        </RcItem>
        <RcItem Include="..\Commun\Resources\handpoint.cur">
            <ResourceType>RCDATA</ResourceType>
            <ResourceId>CUR_HANDPOINT</ResourceId>
        </RcItem>
        <RcItem Include="Updates\BDTK.Updates.v1_2_0_0-1.sql">
            <ContainerId>ResourceItem</ContainerId>
            <ResourceType>ScriptsUpdate</ResourceType>
            <ResourceId>MAJ1_2_0_0part1</ResourceId>
        </RcItem>
        <RcItem Include="Updates\BDTK.Updates.v1_2_0_0-2.sql">
            <ContainerId>ResourceItem</ContainerId>
            <ResourceType>ScriptsUpdate</ResourceType>
            <ResourceId>MAJ1_2_0_0part2</ResourceId>
        </RcItem>
        <RcItem Include="Updates\BDTK.Updates.v2_1_0_72-1.sql">
            <ContainerId>ResourceItem</ContainerId>
            <ResourceType>ScriptsUpdate</ResourceType>
            <ResourceId>MAJ2_1_0_72part1</ResourceId>
        </RcItem>
        <RcItem Include="Updates\BDTK.Updates.v2_1_0_72-2.sql">
            <ContainerId>ResourceItem</ContainerId>
            <ResourceType>ScriptsUpdate</ResourceType>
            <ResourceId>MAJ2_1_0_72part2</ResourceId>
        </RcItem>
        <RcItem Include="Updates\BDTK.Updates.v2_1_0_72-3.sql">
            <ContainerId>ResourceItem</ContainerId>
            <ResourceType>ScriptsUpdate</ResourceType>
            <ResourceId>MAJ2_1_0_72part3</ResourceId>
        </RcItem>
        <RcItem Include="Updates\BDTK.Updates.v2_1_1_17.sql">
            <ContainerId>ResourceItem</ContainerId>
            <ResourceType>ScriptsUpdate</ResourceType>
            <ResourceId>MAJ2_1_1_17</ResourceId>
        </RcItem>
        <RcItem Include="Updates\BDTK.Updates.v2_1_1_8-1.sql">
            <ContainerId>ResourceItem</ContainerId>
            <ResourceType>ScriptsUpdate</ResourceType>
            <ResourceId>MAJ2_1_1_8part1</ResourceId>
        </RcItem>
        <RcItem Include="Updates\BDTK.Updates.v2_1_1_8-2.sql">
            <ContainerId>ResourceItem</ContainerId>
            <ResourceType>ScriptsUpdate</ResourceType>
            <ResourceId>MAJ2_1_1_8part2</ResourceId>
        </RcItem>
        <RcItem Include="Updates\BDTK.Updates.v2_1_1_8-3.sql">
            <ContainerId>ResourceItem</ContainerId>
            <ResourceType>ScriptsUpdate</ResourceType>
            <ResourceId>MAJ2_1_1_8part3</ResourceId>
        </RcItem>
        <BuildConfiguration Include="Base">
            <Key>Base</Key>
        </BuildConfiguration>
        <BuildConfiguration Include="Debug">
            <Key>Cfg_1</Key>
            <CfgParent>Base</CfgParent>
        </BuildConfiguration>
        <BuildConfiguration Include="Release">
            <Key>Cfg_2</Key>
            <CfgParent>Base</CfgParent>
        </BuildConfiguration>
        <BuildConfiguration Include="DCU Debug">
            <Key>Cfg_3</Key>
            <CfgParent>Cfg_1</CfgParent>
        </BuildConfiguration>
        <BuildConfiguration Include="FullDebug">
            <Key>Cfg_4</Key>
            <CfgParent>Cfg_1</CfgParent>
        </BuildConfiguration>
    </ItemGroup>
    <Import Condition="Exists('$(BDS)\Bin\CodeGear.Delphi.Targets')" Project="$(BDS)\Bin\CodeGear.Delphi.Targets"/>
    <Import Condition="Exists('$(APPDATA)\Embarcadero\$(BDSAPPDATABASEDIR)\$(PRODUCTVERSION)\UserTools.proj')" Project="$(APPDATA)\Embarcadero\$(BDSAPPDATABASEDIR)\$(PRODUCTVERSION)\UserTools.proj"/>
    <ProjectExtensions>
        <Borland.Personality>Delphi.Personality.12</Borland.Personality>
        <Borland.ProjectType/>
        <BorlandProject>
            <Delphi.Personality>
                <Source>
                    <Source Name="MainSource">BD.dpr</Source>
                </Source>
                <Excluded_Packages/>
                <VersionInfo>
                    <VersionInfo Name="IncludeVerInfo">True</VersionInfo>
                    <VersionInfo Name="AutoIncBuild">True</VersionInfo>
                    <VersionInfo Name="MajorVer">2</VersionInfo>
                    <VersionInfo Name="MinorVer">2</VersionInfo>
                    <VersionInfo Name="Release">3</VersionInfo>
                    <VersionInfo Name="Build">71</VersionInfo>
                    <VersionInfo Name="Debug">False</VersionInfo>
                    <VersionInfo Name="PreRelease">False</VersionInfo>
                    <VersionInfo Name="Special">False</VersionInfo>
                    <VersionInfo Name="Private">False</VersionInfo>
                    <VersionInfo Name="DLL">False</VersionInfo>
                    <VersionInfo Name="Locale">1036</VersionInfo>
                    <VersionInfo Name="CodePage">1252</VersionInfo>
                </VersionInfo>
                <VersionInfoKeys>
                    <VersionInfoKeys Name="CompanyName">Teträm Corp</VersionInfoKeys>
                    <VersionInfoKeys Name="FileDescription"/>
                    <VersionInfoKeys Name="FileVersion">2.2.3.71</VersionInfoKeys>
                    <VersionInfoKeys Name="InternalName">BDT</VersionInfoKeys>
                    <VersionInfoKeys Name="LegalCopyright">Teträm Corp 1997-2011</VersionInfoKeys>
                    <VersionInfoKeys Name="LegalTrademarks"/>
                    <VersionInfoKeys Name="OriginalFilename"/>
                    <VersionInfoKeys Name="ProductName">BDtheque</VersionInfoKeys>
                    <VersionInfoKeys Name="ProductVersion">2</VersionInfoKeys>
                    <VersionInfoKeys Name="Comments"/>
                    <VersionInfoKeys Name="CFBundleName"/>
                    <VersionInfoKeys Name="CFBundleDisplayName"/>
                    <VersionInfoKeys Name="UIDeviceFamily"/>
                    <VersionInfoKeys Name="CFBundleIdentifier"/>
                    <VersionInfoKeys Name="CFBundleVersion"/>
                    <VersionInfoKeys Name="CFBundlePackageType"/>
                    <VersionInfoKeys Name="CFBundleSignature"/>
                    <VersionInfoKeys Name="CFBundleAllowMixedLocalizations"/>
                    <VersionInfoKeys Name="UISupportedInterfaceOrientations"/>
                    <VersionInfoKeys Name="CFBundleExecutable"/>
                    <VersionInfoKeys Name="CFBundleResourceSpecification"/>
                    <VersionInfoKeys Name="LSRequiresIPhoneOS"/>
                    <VersionInfoKeys Name="CFBundleInfoDictionaryVersion"/>
                    <VersionInfoKeys Name="CFBundleDevelopmentRegion"/>
                </VersionInfoKeys>
            </Delphi.Personality>
            <Deployment Version="3">
                <DeployFile LocalName="..\..\deploy\Win64\BD.exe" Configuration="Debug" Class="ProjectOutput">
                    <Platform Name="Win64">
                        <RemoteName>BD.exe</RemoteName>
                        <Overwrite>true</Overwrite>
                    </Platform>
                </DeployFile>
                <DeployFile LocalName="..\..\deploy\Win64\BD.rsm" Configuration="Debug" Class="DebugSymbols">
                    <Platform Name="Win64">
                        <RemoteName>BD.rsm</RemoteName>
                        <Overwrite>true</Overwrite>
                    </Platform>
                </DeployFile>
                <DeployFile LocalName="..\Commun\Resources\ISBNRanges.xml" Configuration="Debug" Class="ProjectFile">
                    <Platform Name="Win64">
                        <RemoteDir>.\</RemoteDir>
                        <Overwrite>true</Overwrite>
                    </Platform>
                </DeployFile>
                <DeployFile LocalName="..\Commun\Resources\brokenimage.jpg" Configuration="Debug" Class="ProjectFile">
                    <Platform Name="Win64">
                        <RemoteDir>.\</RemoteDir>
                        <Overwrite>true</Overwrite>
                    </Platform>
                </DeployFile>
                <DeployFile LocalName="..\Commun\Resources\handpoint.cur" Configuration="Debug" Class="ProjectFile">
                    <Platform Name="Win64">
                        <RemoteDir>.\</RemoteDir>
                        <Overwrite>true</Overwrite>
                    </Platform>
                </DeployFile>
                <DeployFile LocalName="..\Commun\Resources\imgAbout.bmp" Configuration="Debug" Class="ProjectFile">
                    <Platform Name="Win64">
                        <RemoteDir>.\</RemoteDir>
                        <Overwrite>true</Overwrite>
                    </Platform>
                </DeployFile>
                <DeployFile LocalName="..\Commun\Resources\my-documents.ico" Configuration="Debug" Class="ProjectFile">
                    <Platform Name="Win64">
                        <RemoteDir>.\</RemoteDir>
                        <Overwrite>true</Overwrite>
                    </Platform>
                </DeployFile>
                <DeployFile LocalName="..\Commun\Resources\network.png" Configuration="Debug" Class="ProjectFile">
                    <Platform Name="Win64">
                        <RemoteDir>.\</RemoteDir>
                        <Overwrite>true</Overwrite>
                    </Platform>
                </DeployFile>
                <DeployFile LocalName="..\Commun\Resources\unknown.ico" Configuration="Debug" Class="ProjectFile">
                    <Platform Name="Win64">
                        <RemoteDir>.\</RemoteDir>
                        <Overwrite>true</Overwrite>
                    </Platform>
                </DeployFile>
                <DeployFile LocalName="Updates\BDTK.Updates.v1_2_0_0-1.sql" Configuration="Debug" Class="ProjectFile">
                    <Platform Name="Win64">
                        <RemoteDir>.\</RemoteDir>
                        <Overwrite>true</Overwrite>
                    </Platform>
                </DeployFile>
                <DeployFile LocalName="Updates\BDTK.Updates.v1_2_0_0-2.sql" Configuration="Debug" Class="ProjectFile">
                    <Platform Name="Win64">
                        <RemoteDir>.\</RemoteDir>
                        <Overwrite>true</Overwrite>
                    </Platform>
                </DeployFile>
                <DeployFile LocalName="Updates\BDTK.Updates.v2_1_0_72-1.sql" Configuration="Debug" Class="ProjectFile">
                    <Platform Name="Win64">
                        <RemoteDir>.\</RemoteDir>
                        <Overwrite>true</Overwrite>
                    </Platform>
                </DeployFile>
                <DeployFile LocalName="Updates\BDTK.Updates.v2_1_0_72-2.sql" Configuration="Debug" Class="ProjectFile">
                    <Platform Name="Win64">
                        <RemoteDir>.\</RemoteDir>
                        <Overwrite>true</Overwrite>
                    </Platform>
                </DeployFile>
                <DeployFile LocalName="Updates\BDTK.Updates.v2_1_0_72-3.sql" Configuration="Debug" Class="ProjectFile">
                    <Platform Name="Win64">
                        <RemoteDir>.\</RemoteDir>
                        <Overwrite>true</Overwrite>
                    </Platform>
                </DeployFile>
                <DeployFile LocalName="Updates\BDTK.Updates.v2_1_1_17.sql" Configuration="Debug" Class="ProjectFile">
                    <Platform Name="Win64">
                        <RemoteDir>.\</RemoteDir>
                        <Overwrite>true</Overwrite>
                    </Platform>
                </DeployFile>
                <DeployFile LocalName="Updates\BDTK.Updates.v2_1_1_8-1.sql" Configuration="Debug" Class="ProjectFile">
                    <Platform Name="Win64">
                        <RemoteDir>.\</RemoteDir>
                        <Overwrite>true</Overwrite>
                    </Platform>
                </DeployFile>
                <DeployFile LocalName="Updates\BDTK.Updates.v2_1_1_8-2.sql" Configuration="Debug" Class="ProjectFile">
                    <Platform Name="Win64">
                        <RemoteDir>.\</RemoteDir>
                        <Overwrite>true</Overwrite>
                    </Platform>
                </DeployFile>
                <DeployFile LocalName="Updates\BDTK.Updates.v2_1_1_8-3.sql" Configuration="Debug" Class="ProjectFile">
                    <Platform Name="Win64">
                        <RemoteDir>.\</RemoteDir>
                        <Overwrite>true</Overwrite>
                    </Platform>
                </DeployFile>
                <DeployClass Name="ProjectUWPManifest">
                    <Platform Name="Win64">
                        <Operation>1</Operation>
                    </Platform>
                </DeployClass>
                <DeployClass Name="UWP_DelphiLogo150">
                    <Platform Name="Win64">
                        <RemoteDir>Assets</RemoteDir>
                        <Operation>1</Operation>
                    </Platform>
                </DeployClass>
                <DeployClass Name="UWP_DelphiLogo44">
                    <Platform Name="Win64">
                        <RemoteDir>Assets</RemoteDir>
                        <Operation>1</Operation>
                    </Platform>
                </DeployClass>
                <ProjectRoot Platform="Win64" Name="$(PROJECTNAME)"/>
            </Deployment>
            <Platforms>
                <Platform value="Win32">False</Platform>
                <Platform value="Win64">True</Platform>
            </Platforms>
            <ModelSupport>False</ModelSupport>
        </BorlandProject>
        <ProjectFileVersion>12</ProjectFileVersion>
    </ProjectExtensions>
    <Import Project="$(MSBuildProjectName).deployproj" Condition="Exists('$(MSBuildProjectName).deployproj')"/>
    <PropertyGroup Condition="'$(Config)'=='Debug' And '$(Platform)'=='Win64'">
        <PreBuildEvent>$(PROJECTDIR)\pre_build.bat $(PROJECTPATH) $(OUTPUTPATH) $(Platform)</PreBuildEvent>
        <PreBuildEventIgnoreExitCode>False</PreBuildEventIgnoreExitCode>
        <PreLinkEvent/>
        <PreLinkEventIgnoreExitCode>False</PreLinkEventIgnoreExitCode>
        <PostBuildEvent>$(PROJECTDIR)\post_build.bat $(PROJECTPATH) $(OUTPUTPATH) $(Platform)</PostBuildEvent>
        <PostBuildEventIgnoreExitCode>False</PostBuildEventIgnoreExitCode>
    </PropertyGroup>
    <PropertyGroup Condition="'$(Config)'=='DCU Debug' And '$(Platform)'=='Win64'">
        <PreBuildEvent>$(PROJECTDIR)\pre_build.bat $(PROJECTPATH) $(OUTPUTPATH) $(Platform)</PreBuildEvent>
        <PreBuildEventIgnoreExitCode>False</PreBuildEventIgnoreExitCode>
        <PreLinkEvent/>
        <PreLinkEventIgnoreExitCode>False</PreLinkEventIgnoreExitCode>
        <PostBuildEvent>$(PROJECTDIR)\post_build.bat $(PROJECTPATH) $(OUTPUTPATH) $(Platform)</PostBuildEvent>
        <PostBuildEventIgnoreExitCode>False</PostBuildEventIgnoreExitCode>
    </PropertyGroup>
    <PropertyGroup Condition="'$(Config)'=='FullDebug' And '$(Platform)'=='Win64'">
        <PreBuildEvent>$(PROJECTDIR)\pre_build.bat $(PROJECTPATH) $(OUTPUTPATH) $(Platform)</PreBuildEvent>
        <PreBuildEventIgnoreExitCode>False</PreBuildEventIgnoreExitCode>
        <PreLinkEvent/>
        <PreLinkEventIgnoreExitCode>False</PreLinkEventIgnoreExitCode>
        <PostBuildEvent>$(PROJECTDIR)\post_build.bat $(PROJECTPATH) $(OUTPUTPATH) $(Platform)</PostBuildEvent>
        <PostBuildEventIgnoreExitCode>False</PostBuildEventIgnoreExitCode>
    </PropertyGroup>
    <PropertyGroup Condition="'$(Config)'=='Release' And '$(Platform)'=='Win64'">
        <PreBuildEvent>$(PROJECTDIR)\pre_build.bat $(PROJECTPATH) $(OUTPUTPATH) $(Platform)</PreBuildEvent>
        <PreBuildEventIgnoreExitCode>False</PreBuildEventIgnoreExitCode>
        <PreLinkEvent/>
        <PreLinkEventIgnoreExitCode>False</PreLinkEventIgnoreExitCode>
        <PostBuildEvent>$(PROJECTDIR)\post_build.bat $(PROJECTPATH) $(OUTPUTPATH) $(Platform)</PostBuildEvent>
        <PostBuildEventIgnoreExitCode>False</PostBuildEventIgnoreExitCode>
    </PropertyGroup>
</Project>
