
Microsoft Visual Studio Solution File, Format Version 9.00
# Visual Studio 2005
Project("{FAE04EC0-301F-11D3-BF4B-00C04F79EFBC}") = "BD", "BD\BD.csproj", "{1BA491C6-D89B-4A48-8BC3-9D56EB760721}"
	ProjectSection(ProjectDependencies) = postProject
		{593C8AB2-C141-4E51-A165-64CCA50C50C8} = {593C8AB2-C141-4E51-A165-64CCA50C50C8}
	EndProjectSection
EndProject
Project("{FAE04EC0-301F-11D3-BF4B-00C04F79EFBC}") = "BD.Common", "BD.Common\BD.Common.csproj", "{593C8AB2-C141-4E51-A165-64CCA50C50C8}"
	ProjectSection(ProjectDependencies) = postProject
		{1BE2A389-18BE-49CB-BC0C-71F10151ACDC} = {1BE2A389-18BE-49CB-BC0C-71F10151ACDC}
	EndProjectSection
EndProject
Project("{FAE04EC0-301F-11D3-BF4B-00C04F79EFBC}") = "TetramCorp.Utils", "TetramCorp.Utils\TetramCorp.Utils.csproj", "{1BE2A389-18BE-49CB-BC0C-71F10151ACDC}"
EndProject
Project("{FAE04EC0-301F-11D3-BF4B-00C04F79EFBC}") = "BD.Workstation", "BD.Workstation\BD.Workstation.csproj", "{96A4BC74-8B13-4611-A932-E2CB31721808}"
EndProject
Global
	GlobalSection(SolutionConfigurationPlatforms) = preSolution
		Debug|Any CPU = Debug|Any CPU
		Release|Any CPU = Release|Any CPU
	EndGlobalSection
	GlobalSection(ProjectConfigurationPlatforms) = postSolution
		{1BA491C6-D89B-4A48-8BC3-9D56EB760721}.Debug|Any CPU.ActiveCfg = Debug|Any CPU
		{1BA491C6-D89B-4A48-8BC3-9D56EB760721}.Debug|Any CPU.Build.0 = Debug|Any CPU
		{1BA491C6-D89B-4A48-8BC3-9D56EB760721}.Release|Any CPU.ActiveCfg = Release|Any CPU
		{1BA491C6-D89B-4A48-8BC3-9D56EB760721}.Release|Any CPU.Build.0 = Release|Any CPU
		{593C8AB2-C141-4E51-A165-64CCA50C50C8}.Debug|Any CPU.ActiveCfg = Debug|Any CPU
		{593C8AB2-C141-4E51-A165-64CCA50C50C8}.Debug|Any CPU.Build.0 = Debug|Any CPU
		{593C8AB2-C141-4E51-A165-64CCA50C50C8}.Release|Any CPU.ActiveCfg = Release|Any CPU
		{593C8AB2-C141-4E51-A165-64CCA50C50C8}.Release|Any CPU.Build.0 = Release|Any CPU
		{1BE2A389-18BE-49CB-BC0C-71F10151ACDC}.Debug|Any CPU.ActiveCfg = Debug|Any CPU
		{1BE2A389-18BE-49CB-BC0C-71F10151ACDC}.Debug|Any CPU.Build.0 = Debug|Any CPU
		{1BE2A389-18BE-49CB-BC0C-71F10151ACDC}.Release|Any CPU.ActiveCfg = Release|Any CPU
		{1BE2A389-18BE-49CB-BC0C-71F10151ACDC}.Release|Any CPU.Build.0 = Release|Any CPU
		{96A4BC74-8B13-4611-A932-E2CB31721808}.Debug|Any CPU.ActiveCfg = Debug|Any CPU
		{96A4BC74-8B13-4611-A932-E2CB31721808}.Debug|Any CPU.Build.0 = Debug|Any CPU
		{96A4BC74-8B13-4611-A932-E2CB31721808}.Release|Any CPU.ActiveCfg = Release|Any CPU
		{96A4BC74-8B13-4611-A932-E2CB31721808}.Release|Any CPU.Build.0 = Release|Any CPU
	EndGlobalSection
	GlobalSection(SolutionProperties) = preSolution
		HideSolutionNode = FALSE
	EndGlobalSection
EndGlobal
